
Microsoft Visual Studio Solution File, Format Version 12.00
# Visual Studio Version 17
VisualStudioVersion = 17.5.002.0
MinimumVisualStudioVersion = 10.0.40219.1
Project("{9A19103F-16F7-4668-BE54-9A1E7A4F7556}") = "FizzBuzz-csharp", "FizzBuzz-csharp.csproj", "{F52F6FC9-5615-469D-9E1E-0109B3FE181C}"
EndProject
Global
	GlobalSection(SolutionConfigurationPlatforms) = preSolution
		Debug|Any CPU = Debug|Any CPU
		Release|Any CPU = Release|Any CPU
	EndGlobalSection
	GlobalSection(ProjectConfigurationPlatforms) = postSolution
		{F52F6FC9-5615-469D-9E1E-0109B3FE181C}.Debug|Any CPU.ActiveCfg = Debug|Any CPU
		{F52F6FC9-5615-469D-9E1E-0109B3FE181C}.Debug|Any CPU.Build.0 = Debug|Any CPU
		{F52F6FC9-5615-469D-9E1E-0109B3FE181C}.Release|Any CPU.ActiveCfg = Release|Any CPU
		{F52F6FC9-5615-469D-9E1E-0109B3FE181C}.Release|Any CPU.Build.0 = Release|Any CPU
	EndGlobalSection
	GlobalSection(SolutionProperties) = preSolution
		HideSolutionNode = FALSE
	EndGlobalSection
	GlobalSection(ExtensibilityGlobals) = postSolution
		SolutionGuid = {9D138CE4-1A81-4D4A-A019-E21C49743BE4}
	EndGlobalSection
EndGlobal
